
Microsoft Visual Studio Solution File, Format Version 12.00
# Visual Studio Version 17
VisualStudioVersion = 17.13.35919.96 d17.13
MinimumVisualStudioVersion = 10.0.40219.1
Project("{FAE04EC0-301F-11D3-BF4B-00C04F79EFBC}") = "LigetNapokWinForms", "LigetNapokWinForms\LigetNapokWinForms.csproj", "{8E646B3A-5A3D-45E3-858A-D73F3E178736}"
EndProject
Global
	GlobalSection(SolutionConfigurationPlatforms) = preSolution
		Debug|Any CPU = Debug|Any CPU
		Release|Any CPU = Release|Any CPU
	EndGlobalSection
	GlobalSection(ProjectConfigurationPlatforms) = postSolution
		{8E646B3A-5A3D-45E3-858A-D73F3E178736}.Debug|Any CPU.ActiveCfg = Debug|Any CPU
		{8E646B3A-5A3D-45E3-858A-D73F3E178736}.Debug|Any CPU.Build.0 = Debug|Any CPU
		{8E646B3A-5A3D-45E3-858A-D73F3E178736}.Release|Any CPU.ActiveCfg = Release|Any CPU
		{8E646B3A-5A3D-45E3-858A-D73F3E178736}.Release|Any CPU.Build.0 = Release|Any CPU
	EndGlobalSection
	GlobalSection(SolutionProperties) = preSolution
		HideSolutionNode = FALSE
	EndGlobalSection
	GlobalSection(ExtensibilityGlobals) = postSolution
		SolutionGuid = {E51E29C0-F83B-466D-A49A-D377BF41AEFC}
	EndGlobalSection
EndGlobal
