
Microsoft Visual Studio Solution File, Format Version 12.00
# Visual Studio Version 17
VisualStudioVersion = 17.13.35919.96 d17.13
MinimumVisualStudioVersion = 10.0.40219.1
Project("{FAE04EC0-301F-11D3-BF4B-00C04F79EFBC}") = "Liget_Napo_Nemeth_Koppany", "Liget_Napo_Nemeth_Koppany\Liget_Napo_Nemeth_Koppany.csproj", "{F2551682-F504-4570-A6DC-379DFBE84401}"
EndProject
Global
	GlobalSection(SolutionConfigurationPlatforms) = preSolution
		Debug|Any CPU = Debug|Any CPU
		Release|Any CPU = Release|Any CPU
	EndGlobalSection
	GlobalSection(ProjectConfigurationPlatforms) = postSolution
		{F2551682-F504-4570-A6DC-379DFBE84401}.Debug|Any CPU.ActiveCfg = Debug|Any CPU
		{F2551682-F504-4570-A6DC-379DFBE84401}.Debug|Any CPU.Build.0 = Debug|Any CPU
		{F2551682-F504-4570-A6DC-379DFBE84401}.Release|Any CPU.ActiveCfg = Release|Any CPU
		{F2551682-F504-4570-A6DC-379DFBE84401}.Release|Any CPU.Build.0 = Release|Any CPU
	EndGlobalSection
	GlobalSection(SolutionProperties) = preSolution
		HideSolutionNode = FALSE
	EndGlobalSection
	GlobalSection(ExtensibilityGlobals) = postSolution
		SolutionGuid = {B4002C25-4EF6-4251-8773-9E13C7F66F0D}
	EndGlobalSection
EndGlobal
